// !$*UTF8*$!
{
	archiveVersion = 1;
	classes = {
	};
	objectVersion = 48;
	objects = {

/* Begin PBXBuildFile section */
		6E62FE6C2045C7DA002AD1F8 /* AppDelegate.swift in Sources */ = {isa = PBXBuildFile; fileRef = 6E62FE6B2045C7DA002AD1F8 /* AppDelegate.swift */; };
		6E62FE6E2045C7DA002AD1F8 /* ViewController.swift in Sources */ = {isa = PBXBuildFile; fileRef = 6E62FE6D2045C7DA002AD1F8 /* ViewController.swift */; };
		6E62FE712045C7DA002AD1F8 /* Main.storyboard in Resources */ = {isa = PBXBuildFile; fileRef = 6E62FE6F2045C7DA002AD1F8 /* Main.storyboard */; };
		6E62FE732045C7DA002AD1F8 /* Assets.xcassets in Resources */ = {isa = PBXBuildFile; fileRef = 6E62FE722045C7DA002AD1F8 /* Assets.xcassets */; };
		6E62FE762045C7DA002AD1F8 /* LaunchScreen.storyboard in Resources */ = {isa = PBXBuildFile; fileRef = 6E62FE742045C7DA002AD1F8 /* LaunchScreen.storyboard */; };
		6E62FE842045C982002AD1F8 /* SectionConferenceTableViewCell.swift in Sources */ = {isa = PBXBuildFile; fileRef = 6E62FE822045C982002AD1F8 /* SectionConferenceTableViewCell.swift */; };
		6E62FE852045C982002AD1F8 /* SectionConferenceTableViewCell.xib in Resources */ = {isa = PBXBuildFile; fileRef = 6E62FE832045C982002AD1F8 /* SectionConferenceTableViewCell.xib */; };
		6E62FE872045C99C002AD1F8 /* SectionConferenceTableViewHeader.swift in Sources */ = {isa = PBXBuildFile; fileRef = 6E62FE862045C99C002AD1F8 /* SectionConferenceTableViewHeader.swift */; };
		6E62FE8B2045CA0E002AD1F8 /* ItemConferenceTableView.swift in Sources */ = {isa = PBXBuildFile; fileRef = 6E62FE8A2045CA0E002AD1F8 /* ItemConferenceTableView.swift */; };
		6E62FE8D2045CA1D002AD1F8 /* ItemConferenceTableViewHeader.swift in Sources */ = {isa = PBXBuildFile; fileRef = 6E62FE8C2045CA1D002AD1F8 /* ItemConferenceTableViewHeader.swift */; };
		6E62FE902045CA33002AD1F8 /* ItemConferenceTableViewCell.swift in Sources */ = {isa = PBXBuildFile; fileRef = 6E62FE8E2045CA33002AD1F8 /* ItemConferenceTableViewCell.swift */; };
		6E62FE912045CA33002AD1F8 /* ItemConferenceTableViewCell.xib in Resources */ = {isa = PBXBuildFile; fileRef = 6E62FE8F2045CA33002AD1F8 /* ItemConferenceTableViewCell.xib */; };
		6E62FE942045CA6B002AD1F8 /* FieldConferenceTableView.swift in Sources */ = {isa = PBXBuildFile; fileRef = 6E62FE932045CA6B002AD1F8 /* FieldConferenceTableView.swift */; };
		6E62FE972045CA83002AD1F8 /* FieldConferenceTableViewCell.swift in Sources */ = {isa = PBXBuildFile; fileRef = 6E62FE952045CA83002AD1F8 /* FieldConferenceTableViewCell.swift */; };
		6E62FE982045CA83002AD1F8 /* FieldConferenceTableViewCell.xib in Resources */ = {isa = PBXBuildFile; fileRef = 6E62FE962045CA83002AD1F8 /* FieldConferenceTableViewCell.xib */; };
		6E62FE9A2045CAA8002AD1F8 /* SectionConference.swift in Sources */ = {isa = PBXBuildFile; fileRef = 6E62FE992045CAA8002AD1F8 /* SectionConference.swift */; };
		6E62FE9C2045CAB4002AD1F8 /* ItemConference.swift in Sources */ = {isa = PBXBuildFile; fileRef = 6E62FE9B2045CAB4002AD1F8 /* ItemConference.swift */; };
		6E62FE9E2045CAC2002AD1F8 /* FieldConference.swift in Sources */ = {isa = PBXBuildFile; fileRef = 6E62FE9D2045CAC2002AD1F8 /* FieldConference.swift */; };
		6E62FEA82045CB8F002AD1F8 /* SectionConferenceTableView.swift in Sources */ = {isa = PBXBuildFile; fileRef = 6E62FEA72045CB8F002AD1F8 /* SectionConferenceTableView.swift */; };
		6E62FEAB2045CBC1002AD1F8 /* SomeTableViewController.swift in Sources */ = {isa = PBXBuildFile; fileRef = 6E62FEA92045CBC1002AD1F8 /* SomeTableViewController.swift */; };
		6E62FEAC2045CBC1002AD1F8 /* SomeTableViewController.xib in Resources */ = {isa = PBXBuildFile; fileRef = 6E62FEAA2045CBC1002AD1F8 /* SomeTableViewController.xib */; };
/* End PBXBuildFile section */

/* Begin PBXFileReference section */
		6E62FE682045C7DA002AD1F8 /* Conference.app */ = {isa = PBXFileReference; explicitFileType = wrapper.application; includeInIndex = 0; path = Conference.app; sourceTree = BUILT_PRODUCTS_DIR; };
		6E62FE6B2045C7DA002AD1F8 /* AppDelegate.swift */ = {isa = PBXFileReference; lastKnownFileType = sourcecode.swift; path = AppDelegate.swift; sourceTree = "<group>"; };
		6E62FE6D2045C7DA002AD1F8 /* ViewController.swift */ = {isa = PBXFileReference; lastKnownFileType = sourcecode.swift; path = ViewController.swift; sourceTree = "<group>"; };
		6E62FE702045C7DA002AD1F8 /* Base */ = {isa = PBXFileReference; lastKnownFileType = file.storyboard; name = Base; path = Base.lproj/Main.storyboard; sourceTree = "<group>"; };
		6E62FE722045C7DA002AD1F8 /* Assets.xcassets */ = {isa = PBXFileReference; lastKnownFileType = folder.assetcatalog; path = Assets.xcassets; sourceTree = "<group>"; };
		6E62FE752045C7DA002AD1F8 /* Base */ = {isa = PBXFileReference; lastKnownFileType = file.storyboard; name = Base; path = Base.lproj/LaunchScreen.storyboard; sourceTree = "<group>"; };
		6E62FE772045C7DA002AD1F8 /* Info.plist */ = {isa = PBXFileReference; lastKnownFileType = text.plist.xml; path = Info.plist; sourceTree = "<group>"; };
		6E62FE822045C982002AD1F8 /* SectionConferenceTableViewCell.swift */ = {isa = PBXFileReference; lastKnownFileType = sourcecode.swift; path = SectionConferenceTableViewCell.swift; sourceTree = "<group>"; };
		6E62FE832045C982002AD1F8 /* SectionConferenceTableViewCell.xib */ = {isa = PBXFileReference; lastKnownFileType = file.xib; path = SectionConferenceTableViewCell.xib; sourceTree = "<group>"; };
		6E62FE862045C99C002AD1F8 /* SectionConferenceTableViewHeader.swift */ = {isa = PBXFileReference; lastKnownFileType = sourcecode.swift; path = SectionConferenceTableViewHeader.swift; sourceTree = "<group>"; };
		6E62FE8A2045CA0E002AD1F8 /* ItemConferenceTableView.swift */ = {isa = PBXFileReference; lastKnownFileType = sourcecode.swift; path = ItemConferenceTableView.swift; sourceTree = "<group>"; };
		6E62FE8C2045CA1D002AD1F8 /* ItemConferenceTableViewHeader.swift */ = {isa = PBXFileReference; lastKnownFileType = sourcecode.swift; path = ItemConferenceTableViewHeader.swift; sourceTree = "<group>"; };
		6E62FE8E2045CA33002AD1F8 /* ItemConferenceTableViewCell.swift */ = {isa = PBXFileReference; lastKnownFileType = sourcecode.swift; path = ItemConferenceTableViewCell.swift; sourceTree = "<group>"; };
		6E62FE8F2045CA33002AD1F8 /* ItemConferenceTableViewCell.xib */ = {isa = PBXFileReference; lastKnownFileType = file.xib; path = ItemConferenceTableViewCell.xib; sourceTree = "<group>"; };
		6E62FE932045CA6B002AD1F8 /* FieldConferenceTableView.swift */ = {isa = PBXFileReference; lastKnownFileType = sourcecode.swift; path = FieldConferenceTableView.swift; sourceTree = "<group>"; };
		6E62FE952045CA83002AD1F8 /* FieldConferenceTableViewCell.swift */ = {isa = PBXFileReference; lastKnownFileType = sourcecode.swift; path = FieldConferenceTableViewCell.swift; sourceTree = "<group>"; };
		6E62FE962045CA83002AD1F8 /* FieldConferenceTableViewCell.xib */ = {isa = PBXFileReference; lastKnownFileType = file.xib; path = FieldConferenceTableViewCell.xib; sourceTree = "<group>"; };
		6E62FE992045CAA8002AD1F8 /* SectionConference.swift */ = {isa = PBXFileReference; lastKnownFileType = sourcecode.swift; path = SectionConference.swift; sourceTree = "<group>"; };
		6E62FE9B2045CAB4002AD1F8 /* ItemConference.swift */ = {isa = PBXFileReference; lastKnownFileType = sourcecode.swift; path = ItemConference.swift; sourceTree = "<group>"; };
		6E62FE9D2045CAC2002AD1F8 /* FieldConference.swift */ = {isa = PBXFileReference; lastKnownFileType = sourcecode.swift; path = FieldConference.swift; sourceTree = "<group>"; };
		6E62FEA72045CB8F002AD1F8 /* SectionConferenceTableView.swift */ = {isa = PBXFileReference; lastKnownFileType = sourcecode.swift; path = SectionConferenceTableView.swift; sourceTree = "<group>"; };
		6E62FEA92045CBC1002AD1F8 /* SomeTableViewController.swift */ = {isa = PBXFileReference; lastKnownFileType = sourcecode.swift; path = SomeTableViewController.swift; sourceTree = "<group>"; };
		6E62FEAA2045CBC1002AD1F8 /* SomeTableViewController.xib */ = {isa = PBXFileReference; lastKnownFileType = file.xib; path = SomeTableViewController.xib; sourceTree = "<group>"; };
/* End PBXFileReference section */

/* Begin PBXFrameworksBuildPhase section */
		6E62FE652045C7DA002AD1F8 /* Frameworks */ = {
			isa = PBXFrameworksBuildPhase;
			buildActionMask = 2147483647;
			files = (
			);
			runOnlyForDeploymentPostprocessing = 0;
		};
/* End PBXFrameworksBuildPhase section */

/* Begin PBXGroup section */
		6E62FE5F2045C7DA002AD1F8 = {
			isa = PBXGroup;
			children = (
				6E62FE6A2045C7DA002AD1F8 /* Conference */,
				6E62FE692045C7DA002AD1F8 /* Products */,
			);
			sourceTree = "<group>";
		};
		6E62FE692045C7DA002AD1F8 /* Products */ = {
			isa = PBXGroup;
			children = (
				6E62FE682045C7DA002AD1F8 /* Conference.app */,
			);
			name = Products;
			sourceTree = "<group>";
		};
		6E62FE6A2045C7DA002AD1F8 /* Conference */ = {
			isa = PBXGroup;
			children = (
				6E62FE7F2045C8D6002AD1F8 /* Controller */,
				6E62FE7E2045C8D2002AD1F8 /* View */,
				6E62FE7D2045C8CB002AD1F8 /* Model */,
				6E62FE6B2045C7DA002AD1F8 /* AppDelegate.swift */,
				6E62FE6F2045C7DA002AD1F8 /* Main.storyboard */,
				6E62FE722045C7DA002AD1F8 /* Assets.xcassets */,
				6E62FE742045C7DA002AD1F8 /* LaunchScreen.storyboard */,
				6E62FE772045C7DA002AD1F8 /* Info.plist */,
			);
			path = Conference;
			sourceTree = "<group>";
		};
		6E62FE7D2045C8CB002AD1F8 /* Model */ = {
			isa = PBXGroup;
			children = (
				6E62FE9D2045CAC2002AD1F8 /* FieldConference.swift */,
				6E62FE9B2045CAB4002AD1F8 /* ItemConference.swift */,
				6E62FE992045CAA8002AD1F8 /* SectionConference.swift */,
			);
			path = Model;
			sourceTree = "<group>";
		};
		6E62FE7E2045C8D2002AD1F8 /* View */ = {
			isa = PBXGroup;
			children = (
				6E62FEAA2045CBC1002AD1F8 /* SomeTableViewController.xib */,
				6E62FE882045C9AB002AD1F8 /* Section */,
			);
			path = View;
			sourceTree = "<group>";
		};
		6E62FE7F2045C8D6002AD1F8 /* Controller */ = {
			isa = PBXGroup;
			children = (
				6E62FEA92045CBC1002AD1F8 /* SomeTableViewController.swift */,
				6E62FE6D2045C7DA002AD1F8 /* ViewController.swift */,
			);
			path = Controller;
			sourceTree = "<group>";
		};
		6E62FE882045C9AB002AD1F8 /* Section */ = {
			isa = PBXGroup;
			children = (
				6E62FEA72045CB8F002AD1F8 /* SectionConferenceTableView.swift */,
				6E62FE822045C982002AD1F8 /* SectionConferenceTableViewCell.swift */,
				6E62FE862045C99C002AD1F8 /* SectionConferenceTableViewHeader.swift */,
				6E62FE832045C982002AD1F8 /* SectionConferenceTableViewCell.xib */,
				6E62FE892045C9BE002AD1F8 /* Item */,
			);
			path = Section;
			sourceTree = "<group>";
		};
		6E62FE892045C9BE002AD1F8 /* Item */ = {
			isa = PBXGroup;
			children = (
				6E62FE8A2045CA0E002AD1F8 /* ItemConferenceTableView.swift */,
				6E62FE8E2045CA33002AD1F8 /* ItemConferenceTableViewCell.swift */,
				6E62FE8C2045CA1D002AD1F8 /* ItemConferenceTableViewHeader.swift */,
				6E62FE8F2045CA33002AD1F8 /* ItemConferenceTableViewCell.xib */,
				6E62FE922045CA3C002AD1F8 /* Field */,
			);
			path = Item;
			sourceTree = "<group>";
		};
		6E62FE922045CA3C002AD1F8 /* Field */ = {
			isa = PBXGroup;
			children = (
				6E62FE932045CA6B002AD1F8 /* FieldConferenceTableView.swift */,
				6E62FE952045CA83002AD1F8 /* FieldConferenceTableViewCell.swift */,
				6E62FE962045CA83002AD1F8 /* FieldConferenceTableViewCell.xib */,
			);
			path = Field;
			sourceTree = "<group>";
		};
/* End PBXGroup section */

/* Begin PBXNativeTarget section */
		6E62FE672045C7DA002AD1F8 /* Conference */ = {
			isa = PBXNativeTarget;
			buildConfigurationList = 6E62FE7A2045C7DA002AD1F8 /* Build configuration list for PBXNativeTarget "Conference" */;
			buildPhases = (
				6E62FE642045C7DA002AD1F8 /* Sources */,
				6E62FE652045C7DA002AD1F8 /* Frameworks */,
				6E62FE662045C7DA002AD1F8 /* Resources */,
			);
			buildRules = (
			);
			dependencies = (
			);
			name = Conference;
			productName = Conference;
			productReference = 6E62FE682045C7DA002AD1F8 /* Conference.app */;
			productType = "com.apple.product-type.application";
		};
/* End PBXNativeTarget section */

/* Begin PBXProject section */
		6E62FE602045C7DA002AD1F8 /* Project object */ = {
			isa = PBXProject;
			attributes = {
				LastSwiftUpdateCheck = 0920;
				LastUpgradeCheck = 0920;
				ORGANIZATIONNAME = "Pablo Henrique Bertaco";
				TargetAttributes = {
					6E62FE672045C7DA002AD1F8 = {
						CreatedOnToolsVersion = 9.2;
						ProvisioningStyle = Automatic;
					};
				};
			};
			buildConfigurationList = 6E62FE632045C7DA002AD1F8 /* Build configuration list for PBXProject "Conference" */;
			compatibilityVersion = "Xcode 8.0";
			developmentRegion = en;
			hasScannedForEncodings = 0;
			knownRegions = (
				en,
				Base,
			);
			mainGroup = 6E62FE5F2045C7DA002AD1F8;
			productRefGroup = 6E62FE692045C7DA002AD1F8 /* Products */;
			projectDirPath = "";
			projectRoot = "";
			targets = (
				6E62FE672045C7DA002AD1F8 /* Conference */,
			);
		};
/* End PBXProject section */

/* Begin PBXResourcesBuildPhase section */
		6E62FE662045C7DA002AD1F8 /* Resources */ = {
			isa = PBXResourcesBuildPhase;
			buildActionMask = 2147483647;
			files = (
				6E62FE762045C7DA002AD1F8 /* LaunchScreen.storyboard in Resources */,
				6E62FEAC2045CBC1002AD1F8 /* SomeTableViewController.xib in Resources */,
				6E62FE732045C7DA002AD1F8 /* Assets.xcassets in Resources */,
				6E62FE912045CA33002AD1F8 /* ItemConferenceTableViewCell.xib in Resources */,
				6E62FE712045C7DA002AD1F8 /* Main.storyboard in Resources */,
				6E62FE982045CA83002AD1F8 /* FieldConferenceTableViewCell.xib in Resources */,
				6E62FE852045C982002AD1F8 /* SectionConferenceTableViewCell.xib in Resources */,
			);
			runOnlyForDeploymentPostprocessing = 0;
		};
/* End PBXResourcesBuildPhase section */

/* Begin PBXSourcesBuildPhase section */
		6E62FE642045C7DA002AD1F8 /* Sources */ = {
			isa = PBXSourcesBuildPhase;
			buildActionMask = 2147483647;
			files = (
				6E62FE9A2045CAA8002AD1F8 /* SectionConference.swift in Sources */,
				6E62FE972045CA83002AD1F8 /* FieldConferenceTableViewCell.swift in Sources */,
				6E62FEA82045CB8F002AD1F8 /* SectionConferenceTableView.swift in Sources */,
				6E62FE8B2045CA0E002AD1F8 /* ItemConferenceTableView.swift in Sources */,
				6E62FE902045CA33002AD1F8 /* ItemConferenceTableViewCell.swift in Sources */,
				6E62FEAB2045CBC1002AD1F8 /* SomeTableViewController.swift in Sources */,
				6E62FE6E2045C7DA002AD1F8 /* ViewController.swift in Sources */,
				6E62FE942045CA6B002AD1F8 /* FieldConferenceTableView.swift in Sources */,
				6E62FE6C2045C7DA002AD1F8 /* AppDelegate.swift in Sources */,
				6E62FE872045C99C002AD1F8 /* SectionConferenceTableViewHeader.swift in Sources */,
				6E62FE9E2045CAC2002AD1F8 /* FieldConference.swift in Sources */,
				6E62FE842045C982002AD1F8 /* SectionConferenceTableViewCell.swift in Sources */,
				6E62FE9C2045CAB4002AD1F8 /* ItemConference.swift in Sources */,
				6E62FE8D2045CA1D002AD1F8 /* ItemConferenceTableViewHeader.swift in Sources */,
			);
			runOnlyForDeploymentPostprocessing = 0;
		};
/* End PBXSourcesBuildPhase section */

/* Begin PBXVariantGroup section */
		6E62FE6F2045C7DA002AD1F8 /* Main.storyboard */ = {
			isa = PBXVariantGroup;
			children = (
				6E62FE702045C7DA002AD1F8 /* Base */,
			);
			name = Main.storyboard;
			sourceTree = "<group>";
		};
		6E62FE742045C7DA002AD1F8 /* LaunchScreen.storyboard */ = {
			isa = PBXVariantGroup;
			children = (
				6E62FE752045C7DA002AD1F8 /* Base */,
			);
			name = LaunchScreen.storyboard;
			sourceTree = "<group>";
		};
/* End PBXVariantGroup section */

/* Begin XCBuildConfiguration section */
		6E62FE782045C7DA002AD1F8 /* Debug */ = {
			isa = XCBuildConfiguration;
			buildSettings = {
				ALWAYS_SEARCH_USER_PATHS = NO;
				CLANG_ANALYZER_NONNULL = YES;
				CLANG_ANALYZER_NUMBER_OBJECT_CONVERSION = YES_AGGRESSIVE;
				CLANG_CXX_LANGUAGE_STANDARD = "gnu++14";
				CLANG_CXX_LIBRARY = "libc++";
				CLANG_ENABLE_MODULES = YES;
				CLANG_ENABLE_OBJC_ARC = YES;
				CLANG_WARN_BLOCK_CAPTURE_AUTORELEASING = YES;
				CLANG_WARN_BOOL_CONVERSION = YES;
				CLANG_WARN_COMMA = YES;
				CLANG_WARN_CONSTANT_CONVERSION = YES;
				CLANG_WARN_DIRECT_OBJC_ISA_USAGE = YES_ERROR;
				CLANG_WARN_DOCUMENTATION_COMMENTS = YES;
				CLANG_WARN_EMPTY_BODY = YES;
				CLANG_WARN_ENUM_CONVERSION = YES;
				CLANG_WARN_INFINITE_RECURSION = YES;
				CLANG_WARN_INT_CONVERSION = YES;
				CLANG_WARN_NON_LITERAL_NULL_CONVERSION = YES;
				CLANG_WARN_OBJC_LITERAL_CONVERSION = YES;
				CLANG_WARN_OBJC_ROOT_CLASS = YES_ERROR;
				CLANG_WARN_RANGE_LOOP_ANALYSIS = YES;
				CLANG_WARN_STRICT_PROTOTYPES = YES;
				CLANG_WARN_SUSPICIOUS_MOVE = YES;
				CLANG_WARN_UNGUARDED_AVAILABILITY = YES_AGGRESSIVE;
				CLANG_WARN_UNREACHABLE_CODE = YES;
				CLANG_WARN__DUPLICATE_METHOD_MATCH = YES;
				CODE_SIGN_IDENTITY = "iPhone Developer";
				COPY_PHASE_STRIP = NO;
				DEBUG_INFORMATION_FORMAT = dwarf;
				ENABLE_STRICT_OBJC_MSGSEND = YES;
				ENABLE_TESTABILITY = YES;
				GCC_C_LANGUAGE_STANDARD = gnu11;
				GCC_DYNAMIC_NO_PIC = NO;
				GCC_NO_COMMON_BLOCKS = YES;
				GCC_OPTIMIZATION_LEVEL = 0;
				GCC_PREPROCESSOR_DEFINITIONS = (
					"DEBUG=1",
					"$(inherited)",
				);
				GCC_WARN_64_TO_32_BIT_CONVERSION = YES;
				GCC_WARN_ABOUT_RETURN_TYPE = YES_ERROR;
				GCC_WARN_UNDECLARED_SELECTOR = YES;
				GCC_WARN_UNINITIALIZED_AUTOS = YES_AGGRESSIVE;
				GCC_WARN_UNUSED_FUNCTION = YES;
				GCC_WARN_UNUSED_VARIABLE = YES;
				IPHONEOS_DEPLOYMENT_TARGET = 11.2;
				MTL_ENABLE_DEBUG_INFO = YES;
				ONLY_ACTIVE_ARCH = YES;
				SDKROOT = iphoneos;
				SWIFT_ACTIVE_COMPILATION_CONDITIONS = DEBUG;
				SWIFT_OPTIMIZATION_LEVEL = "-Onone";
			};
			name = Debug;
		};
		6E62FE792045C7DA002AD1F8 /* Release */ = {
			isa = XCBuildConfiguration;
			buildSettings = {
				ALWAYS_SEARCH_USER_PATHS = NO;
				CLANG_ANALYZER_NONNULL = YES;
				CLANG_ANALYZER_NUMBER_OBJECT_CONVERSION = YES_AGGRESSIVE;
				CLANG_CXX_LANGUAGE_STANDARD = "gnu++14";
				CLANG_CXX_LIBRARY = "libc++";
				CLANG_ENABLE_MODULES = YES;
				CLANG_ENABLE_OBJC_ARC = YES;
				CLANG_WARN_BLOCK_CAPTURE_AUTORELEASING = YES;
				CLANG_WARN_BOOL_CONVERSION = YES;
				CLANG_WARN_COMMA = YES;
				CLANG_WARN_CONSTANT_CONVERSION = YES;
				CLANG_WARN_DIRECT_OBJC_ISA_USAGE = YES_ERROR;
				CLANG_WARN_DOCUMENTATION_COMMENTS = YES;
				CLANG_WARN_EMPTY_BODY = YES;
				CLANG_WARN_ENUM_CONVERSION = YES;
				CLANG_WARN_INFINITE_RECURSION = YES;
				CLANG_WARN_INT_CONVERSION = YES;
				CLANG_WARN_NON_LITERAL_NULL_CONVERSION = YES;
				CLANG_WARN_OBJC_LITERAL_CONVERSION = YES;
				CLANG_WARN_OBJC_ROOT_CLASS = YES_ERROR;
				CLANG_WARN_RANGE_LOOP_ANALYSIS = YES;
				CLANG_WARN_STRICT_PROTOTYPES = YES;
				CLANG_WARN_SUSPICIOUS_MOVE = YES;
				CLANG_WARN_UNGUARDED_AVAILABILITY = YES_AGGRESSIVE;
				CLANG_WARN_UNREACHABLE_CODE = YES;
				CLANG_WARN__DUPLICATE_METHOD_MATCH = YES;
				CODE_SIGN_IDENTITY = "iPhone Developer";
				COPY_PHASE_STRIP = NO;
				DEBUG_INFORMATION_FORMAT = "dwarf-with-dsym";
				ENABLE_NS_ASSERTIONS = NO;
				ENABLE_STRICT_OBJC_MSGSEND = YES;
				GCC_C_LANGUAGE_STANDARD = gnu11;
				GCC_NO_COMMON_BLOCKS = YES;
				GCC_WARN_64_TO_32_BIT_CONVERSION = YES;
				GCC_WARN_ABOUT_RETURN_TYPE = YES_ERROR;
				GCC_WARN_UNDECLARED_SELECTOR = YES;
				GCC_WARN_UNINITIALIZED_AUTOS = YES_AGGRESSIVE;
				GCC_WARN_UNUSED_FUNCTION = YES;
				GCC_WARN_UNUSED_VARIABLE = YES;
				IPHONEOS_DEPLOYMENT_TARGET = 11.2;
				MTL_ENABLE_DEBUG_INFO = NO;
				SDKROOT = iphoneos;
				SWIFT_OPTIMIZATION_LEVEL = "-Owholemodule";
				VALIDATE_PRODUCT = YES;
			};
			name = Release;
		};
		6E62FE7B2045C7DA002AD1F8 /* Debug */ = {
			isa = XCBuildConfiguration;
			buildSettings = {
				ASSETCATALOG_COMPILER_APPICON_NAME = AppIcon;
				CODE_SIGN_STYLE = Automatic;
				DEVELOPMENT_TEAM = JZ3J7RVLD7;
				INFOPLIST_FILE = Conference/Info.plist;
				LD_RUNPATH_SEARCH_PATHS = "$(inherited) @executable_path/Frameworks";
				PRODUCT_BUNDLE_IDENTIFIER = com.PabloHenri91.Conference;
				PRODUCT_NAME = "$(TARGET_NAME)";
				SWIFT_VERSION = 4.0;
				TARGETED_DEVICE_FAMILY = "1,2";
			};
			name = Debug;
		};
		6E62FE7C2045C7DA002AD1F8 /* Release */ = {
			isa = XCBuildConfiguration;
			buildSettings = {
				ASSETCATALOG_COMPILER_APPICON_NAME = AppIcon;
				CODE_SIGN_STYLE = Automatic;
				DEVELOPMENT_TEAM = JZ3J7RVLD7;
				INFOPLIST_FILE = Conference/Info.plist;
				LD_RUNPATH_SEARCH_PATHS = "$(inherited) @executable_path/Frameworks";
				PRODUCT_BUNDLE_IDENTIFIER = com.PabloHenri91.Conference;
				PRODUCT_NAME = "$(TARGET_NAME)";
				SWIFT_VERSION = 4.0;
				TARGETED_DEVICE_FAMILY = "1,2";
			};
			name = Release;
		};
/* End XCBuildConfiguration section */

/* Begin XCConfigurationList section */
		6E62FE632045C7DA002AD1F8 /* Build configuration list for PBXProject "Conference" */ = {
			isa = XCConfigurationList;
			buildConfigurations = (
				6E62FE782045C7DA002AD1F8 /* Debug */,
				6E62FE792045C7DA002AD1F8 /* Release */,
			);
			defaultConfigurationIsVisible = 0;
			defaultConfigurationName = Release;
		};
		6E62FE7A2045C7DA002AD1F8 /* Build configuration list for PBXNativeTarget "Conference" */ = {
			isa = XCConfigurationList;
			buildConfigurations = (
				6E62FE7B2045C7DA002AD1F8 /* Debug */,
				6E62FE7C2045C7DA002AD1F8 /* Release */,
			);
			defaultConfigurationIsVisible = 0;
			defaultConfigurationName = Release;
		};
/* End XCConfigurationList section */
	};
	rootObject = 6E62FE602045C7DA002AD1F8 /* Project object */;
}
